
Microsoft Visual Studio Solution File, Format Version 12.00
Project("{2150E333-8FDC-42A3-9474-1A3956D46DE8}") = "src", "src", "{C1BDE36D-47E5-47FB-B5D9-951DE9014F1B}"
EndProject
Project("{FAE04EC0-301F-11D3-BF4B-00C04F79EFBC}") = "StaticMembers", "src\StaticMembers\StaticMembers.csproj", "{13512725-67CC-47A4-9625-4B85542A9509}"
EndProject
Global
	GlobalSection(SolutionConfigurationPlatforms) = preSolution
		Debug|Any CPU = Debug|Any CPU
		Release|Any CPU = Release|Any CPU
	EndGlobalSection
	GlobalSection(ProjectConfigurationPlatforms) = postSolution
		{13512725-67CC-47A4-9625-4B85542A9509}.Debug|Any CPU.ActiveCfg = Debug|Any CPU
		{13512725-67CC-47A4-9625-4B85542A9509}.Debug|Any CPU.Build.0 = Debug|Any CPU
		{13512725-67CC-47A4-9625-4B85542A9509}.Release|Any CPU.ActiveCfg = Release|Any CPU
		{13512725-67CC-47A4-9625-4B85542A9509}.Release|Any CPU.Build.0 = Release|Any CPU
	EndGlobalSection
	GlobalSection(NestedProjects) = preSolution
		{13512725-67CC-47A4-9625-4B85542A9509} = {C1BDE36D-47E5-47FB-B5D9-951DE9014F1B}
	EndGlobalSection
EndGlobal
